
Microsoft Visual Studio Solution File, Format Version 12.00
# Visual Studio Version 16
VisualStudioVersion = 16.0.30413.136
MinimumVisualStudioVersion = 10.0.40219.1
Project("{9A19103F-16F7-4668-BE54-9A1E7A4F7556}") = "Exam-70-483", "Exam-70-483\Exam-70-483.csproj", "{4946C0BA-6FE9-4024-9DC3-BAE6BAE93233}"
EndProject
Project("{FAE04EC0-301F-11D3-BF4B-00C04F79EFBC}") = "Exam70-483.Benchmark", "Exam70-483.Benchmark\Exam70-483.Benchmark.csproj", "{F0173A48-01AE-4870-A868-9E60BB3ED81C}"
EndProject
Global
	GlobalSection(SolutionConfigurationPlatforms) = preSolution
		Debug|Any CPU = Debug|Any CPU
		Release|Any CPU = Release|Any CPU
	EndGlobalSection
	GlobalSection(ProjectConfigurationPlatforms) = postSolution
		{4946C0BA-6FE9-4024-9DC3-BAE6BAE93233}.Debug|Any CPU.ActiveCfg = Debug|Any CPU
		{4946C0BA-6FE9-4024-9DC3-BAE6BAE93233}.Debug|Any CPU.Build.0 = Debug|Any CPU
		{4946C0BA-6FE9-4024-9DC3-BAE6BAE93233}.Release|Any CPU.ActiveCfg = Release|Any CPU
		{4946C0BA-6FE9-4024-9DC3-BAE6BAE93233}.Release|Any CPU.Build.0 = Release|Any CPU
		{F0173A48-01AE-4870-A868-9E60BB3ED81C}.Debug|Any CPU.ActiveCfg = Debug|Any CPU
		{F0173A48-01AE-4870-A868-9E60BB3ED81C}.Debug|Any CPU.Build.0 = Debug|Any CPU
		{F0173A48-01AE-4870-A868-9E60BB3ED81C}.Release|Any CPU.ActiveCfg = Release|Any CPU
		{F0173A48-01AE-4870-A868-9E60BB3ED81C}.Release|Any CPU.Build.0 = Release|Any CPU
	EndGlobalSection
	GlobalSection(SolutionProperties) = preSolution
		HideSolutionNode = FALSE
	EndGlobalSection
	GlobalSection(ExtensibilityGlobals) = postSolution
		SolutionGuid = {27C3EBC1-872C-46ED-A481-4D1C253192B0}
	EndGlobalSection
EndGlobal
